
Microsoft Visual Studio Solution File, Format Version 12.00
# Visual Studio Version 17
VisualStudioVersion = 17.0.32112.339
MinimumVisualStudioVersion = 10.0.40219.1
Project("{FAE04EC0-301F-11D3-BF4B-00C04F79EFBC}") = "TheHeist", "TheHeist\TheHeist.csproj", "{8AF43750-5180-4FD5-904B-7EEFA6E183BE}"
EndProject
Global
	GlobalSection(SolutionConfigurationPlatforms) = preSolution
		Debug|Any CPU = Debug|Any CPU
		Release|Any CPU = Release|Any CPU
	EndGlobalSection
	GlobalSection(ProjectConfigurationPlatforms) = postSolution
		{8AF43750-5180-4FD5-904B-7EEFA6E183BE}.Debug|Any CPU.ActiveCfg = Debug|Any CPU
		{8AF43750-5180-4FD5-904B-7EEFA6E183BE}.Debug|Any CPU.Build.0 = Debug|Any CPU
		{8AF43750-5180-4FD5-904B-7EEFA6E183BE}.Release|Any CPU.ActiveCfg = Release|Any CPU
		{8AF43750-5180-4FD5-904B-7EEFA6E183BE}.Release|Any CPU.Build.0 = Release|Any CPU
	EndGlobalSection
	GlobalSection(SolutionProperties) = preSolution
		HideSolutionNode = FALSE
	EndGlobalSection
	GlobalSection(ExtensibilityGlobals) = postSolution
		SolutionGuid = {7D1ABB5D-F4F0-499E-90DF-09206DE1F884}
	EndGlobalSection
EndGlobal
